// !$*UTF8*$!
{
	archiveVersion = 1;
	classes = {
	};
	objectVersion = 50;
	objects = {

/* Begin PBXBuildFile section */
		B11A3BA725F42CAE00FB2972 /* CreationViewController.swift in Sources */ = {isa = PBXBuildFile; fileRef = B11A3BA625F42CAE00FB2972 /* CreationViewController.swift */; };
		B15C605725E19C5C0055C4BF /* AppDelegate.swift in Sources */ = {isa = PBXBuildFile; fileRef = B15C605625E19C5C0055C4BF /* AppDelegate.swift */; };
		B15C605925E19C5C0055C4BF /* SceneDelegate.swift in Sources */ = {isa = PBXBuildFile; fileRef = B15C605825E19C5C0055C4BF /* SceneDelegate.swift */; };
		B15C605B25E19C5C0055C4BF /* ViewController.swift in Sources */ = {isa = PBXBuildFile; fileRef = B15C605A25E19C5C0055C4BF /* ViewController.swift */; };
		B15C605E25E19C5C0055C4BF /* Main.storyboard in Resources */ = {isa = PBXBuildFile; fileRef = B15C605C25E19C5C0055C4BF /* Main.storyboard */; };
		B15C606025E19C610055C4BF /* Assets.xcassets in Resources */ = {isa = PBXBuildFile; fileRef = B15C605F25E19C610055C4BF /* Assets.xcassets */; };
		B15C606325E19C610055C4BF /* LaunchScreen.storyboard in Resources */ = {isa = PBXBuildFile; fileRef = B15C606125E19C610055C4BF /* LaunchScreen.storyboard */; };
		B15C606E25E19C620055C4BF /* FlashcardsTests.swift in Sources */ = {isa = PBXBuildFile; fileRef = B15C606D25E19C620055C4BF /* FlashcardsTests.swift */; };
		B15C607925E19C620055C4BF /* FlashcardsUITests.swift in Sources */ = {isa = PBXBuildFile; fileRef = B15C607825E19C620055C4BF /* FlashcardsUITests.swift */; };
/* End PBXBuildFile section */

/* Begin PBXContainerItemProxy section */
		B15C606A25E19C620055C4BF /* PBXContainerItemProxy */ = {
			isa = PBXContainerItemProxy;
			containerPortal = B15C604B25E19C5C0055C4BF /* Project object */;
			proxyType = 1;
			remoteGlobalIDString = B15C605225E19C5C0055C4BF;
			remoteInfo = Flashcards;
		};
		B15C607525E19C620055C4BF /* PBXContainerItemProxy */ = {
			isa = PBXContainerItemProxy;
			containerPortal = B15C604B25E19C5C0055C4BF /* Project object */;
			proxyType = 1;
			remoteGlobalIDString = B15C605225E19C5C0055C4BF;
			remoteInfo = Flashcards;
		};
/* End PBXContainerItemProxy section */

/* Begin PBXFileReference section */
		B11A3BA625F42CAE00FB2972 /* CreationViewController.swift */ = {isa = PBXFileReference; lastKnownFileType = sourcecode.swift; path = CreationViewController.swift; sourceTree = "<group>"; };
		B15C605325E19C5C0055C4BF /* Flashcards.app */ = {isa = PBXFileReference; explicitFileType = wrapper.application; includeInIndex = 0; path = Flashcards.app; sourceTree = BUILT_PRODUCTS_DIR; };
		B15C605625E19C5C0055C4BF /* AppDelegate.swift */ = {isa = PBXFileReference; lastKnownFileType = sourcecode.swift; path = AppDelegate.swift; sourceTree = "<group>"; };
		B15C605825E19C5C0055C4BF /* SceneDelegate.swift */ = {isa = PBXFileReference; lastKnownFileType = sourcecode.swift; path = SceneDelegate.swift; sourceTree = "<group>"; };
		B15C605A25E19C5C0055C4BF /* ViewController.swift */ = {isa = PBXFileReference; lastKnownFileType = sourcecode.swift; path = ViewController.swift; sourceTree = "<group>"; };
		B15C605D25E19C5C0055C4BF /* Base */ = {isa = PBXFileReference; lastKnownFileType = file.storyboard; name = Base; path = Base.lproj/Main.storyboard; sourceTree = "<group>"; };
		B15C605F25E19C610055C4BF /* Assets.xcassets */ = {isa = PBXFileReference; lastKnownFileType = folder.assetcatalog; path = Assets.xcassets; sourceTree = "<group>"; };
		B15C606225E19C610055C4BF /* Base */ = {isa = PBXFileReference; lastKnownFileType = file.storyboard; name = Base; path = Base.lproj/LaunchScreen.storyboard; sourceTree = "<group>"; };
		B15C606425E19C610055C4BF /* Info.plist */ = {isa = PBXFileReference; lastKnownFileType = text.plist.xml; path = Info.plist; sourceTree = "<group>"; };
		B15C606925E19C620055C4BF /* FlashcardsTests.xctest */ = {isa = PBXFileReference; explicitFileType = wrapper.cfbundle; includeInIndex = 0; path = FlashcardsTests.xctest; sourceTree = BUILT_PRODUCTS_DIR; };
		B15C606D25E19C620055C4BF /* FlashcardsTests.swift */ = {isa = PBXFileReference; lastKnownFileType = sourcecode.swift; path = FlashcardsTests.swift; sourceTree = "<group>"; };
		B15C606F25E19C620055C4BF /* Info.plist */ = {isa = PBXFileReference; lastKnownFileType = text.plist.xml; path = Info.plist; sourceTree = "<group>"; };
		B15C607425E19C620055C4BF /* FlashcardsUITests.xctest */ = {isa = PBXFileReference; explicitFileType = wrapper.cfbundle; includeInIndex = 0; path = FlashcardsUITests.xctest; sourceTree = BUILT_PRODUCTS_DIR; };
		B15C607825E19C620055C4BF /* FlashcardsUITests.swift */ = {isa = PBXFileReference; lastKnownFileType = sourcecode.swift; path = FlashcardsUITests.swift; sourceTree = "<group>"; };
		B15C607A25E19C620055C4BF /* Info.plist */ = {isa = PBXFileReference; lastKnownFileType = text.plist.xml; path = Info.plist; sourceTree = "<group>"; };
/* End PBXFileReference section */

/* Begin PBXFrameworksBuildPhase section */
		B15C605025E19C5C0055C4BF /* Frameworks */ = {
			isa = PBXFrameworksBuildPhase;
			buildActionMask = 2147483647;
			files = (
			);
			runOnlyForDeploymentPostprocessing = 0;
		};
		B15C606625E19C620055C4BF /* Frameworks */ = {
			isa = PBXFrameworksBuildPhase;
			buildActionMask = 2147483647;
			files = (
			);
			runOnlyForDeploymentPostprocessing = 0;
		};
		B15C607125E19C620055C4BF /* Frameworks */ = {
			isa = PBXFrameworksBuildPhase;
			buildActionMask = 2147483647;
			files = (
			);
			runOnlyForDeploymentPostprocessing = 0;
		};
/* End PBXFrameworksBuildPhase section */

/* Begin PBXGroup section */
		B15C604A25E19C5C0055C4BF = {
			isa = PBXGroup;
			children = (
				B15C605525E19C5C0055C4BF /* Flashcards */,
				B15C606C25E19C620055C4BF /* FlashcardsTests */,
				B15C607725E19C620055C4BF /* FlashcardsUITests */,
				B15C605425E19C5C0055C4BF /* Products */,
			);
			sourceTree = "<group>";
		};
		B15C605425E19C5C0055C4BF /* Products */ = {
			isa = PBXGroup;
			children = (
				B15C605325E19C5C0055C4BF /* Flashcards.app */,
				B15C606925E19C620055C4BF /* FlashcardsTests.xctest */,
				B15C607425E19C620055C4BF /* FlashcardsUITests.xctest */,
			);
			name = Products;
			sourceTree = "<group>";
		};
		B15C605525E19C5C0055C4BF /* Flashcards */ = {
			isa = PBXGroup;
			children = (
				B15C605625E19C5C0055C4BF /* AppDelegate.swift */,
				B15C605825E19C5C0055C4BF /* SceneDelegate.swift */,
				B15C605A25E19C5C0055C4BF /* ViewController.swift */,
				B15C605C25E19C5C0055C4BF /* Main.storyboard */,
				B11A3BA625F42CAE00FB2972 /* CreationViewController.swift */,
				B15C605F25E19C610055C4BF /* Assets.xcassets */,
				B15C606125E19C610055C4BF /* LaunchScreen.storyboard */,
				B15C606425E19C610055C4BF /* Info.plist */,
			);
			path = Flashcards;
			sourceTree = "<group>";
		};
		B15C606C25E19C620055C4BF /* FlashcardsTests */ = {
			isa = PBXGroup;
			children = (
				B15C606D25E19C620055C4BF /* FlashcardsTests.swift */,
				B15C606F25E19C620055C4BF /* Info.plist */,
			);
			path = FlashcardsTests;
			sourceTree = "<group>";
		};
		B15C607725E19C620055C4BF /* FlashcardsUITests */ = {
			isa = PBXGroup;
			children = (
				B15C607825E19C620055C4BF /* FlashcardsUITests.swift */,
				B15C607A25E19C620055C4BF /* Info.plist */,
			);
			path = FlashcardsUITests;
			sourceTree = "<group>";
		};
/* End PBXGroup section */

/* Begin PBXNativeTarget section */
		B15C605225E19C5C0055C4BF /* Flashcards */ = {
			isa = PBXNativeTarget;
			buildConfigurationList = B15C607D25E19C620055C4BF /* Build configuration list for PBXNativeTarget "Flashcards" */;
			buildPhases = (
				B15C604F25E19C5C0055C4BF /* Sources */,
				B15C605025E19C5C0055C4BF /* Frameworks */,
				B15C605125E19C5C0055C4BF /* Resources */,
			);
			buildRules = (
			);
			dependencies = (
			);
			name = Flashcards;
			productName = Flashcards;
			productReference = B15C605325E19C5C0055C4BF /* Flashcards.app */;
			productType = "com.apple.product-type.application";
		};
		B15C606825E19C620055C4BF /* FlashcardsTests */ = {
			isa = PBXNativeTarget;
			buildConfigurationList = B15C608025E19C620055C4BF /* Build configuration list for PBXNativeTarget "FlashcardsTests" */;
			buildPhases = (
				B15C606525E19C620055C4BF /* Sources */,
				B15C606625E19C620055C4BF /* Frameworks */,
				B15C606725E19C620055C4BF /* Resources */,
			);
			buildRules = (
			);
			dependencies = (
				B15C606B25E19C620055C4BF /* PBXTargetDependency */,
			);
			name = FlashcardsTests;
			productName = FlashcardsTests;
			productReference = B15C606925E19C620055C4BF /* FlashcardsTests.xctest */;
			productType = "com.apple.product-type.bundle.unit-test";
		};
		B15C607325E19C620055C4BF /* FlashcardsUITests */ = {
			isa = PBXNativeTarget;
			buildConfigurationList = B15C608325E19C620055C4BF /* Build configuration list for PBXNativeTarget "FlashcardsUITests" */;
			buildPhases = (
				B15C607025E19C620055C4BF /* Sources */,
				B15C607125E19C620055C4BF /* Frameworks */,
				B15C607225E19C620055C4BF /* Resources */,
			);
			buildRules = (
			);
			dependencies = (
				B15C607625E19C620055C4BF /* PBXTargetDependency */,
			);
			name = FlashcardsUITests;
			productName = FlashcardsUITests;
			productReference = B15C607425E19C620055C4BF /* FlashcardsUITests.xctest */;
			productType = "com.apple.product-type.bundle.ui-testing";
		};
/* End PBXNativeTarget section */

/* Begin PBXProject section */
		B15C604B25E19C5C0055C4BF /* Project object */ = {
			isa = PBXProject;
			attributes = {
				LastSwiftUpdateCheck = 1240;
				LastUpgradeCheck = 1240;
				TargetAttributes = {
					B15C605225E19C5C0055C4BF = {
						CreatedOnToolsVersion = 12.4;
					};
					B15C606825E19C620055C4BF = {
						CreatedOnToolsVersion = 12.4;
						TestTargetID = B15C605225E19C5C0055C4BF;
					};
					B15C607325E19C620055C4BF = {
						CreatedOnToolsVersion = 12.4;
						TestTargetID = B15C605225E19C5C0055C4BF;
					};
				};
			};
			buildConfigurationList = B15C604E25E19C5C0055C4BF /* Build configuration list for PBXProject "Flashcards" */;
			compatibilityVersion = "Xcode 9.3";
			developmentRegion = en;
			hasScannedForEncodings = 0;
			knownRegions = (
				en,
				Base,
			);
			mainGroup = B15C604A25E19C5C0055C4BF;
			productRefGroup = B15C605425E19C5C0055C4BF /* Products */;
			projectDirPath = "";
			projectRoot = "";
			targets = (
				B15C605225E19C5C0055C4BF /* Flashcards */,
				B15C606825E19C620055C4BF /* FlashcardsTests */,
				B15C607325E19C620055C4BF /* FlashcardsUITests */,
			);
		};
/* End PBXProject section */

/* Begin PBXResourcesBuildPhase section */
		B15C605125E19C5C0055C4BF /* Resources */ = {
			isa = PBXResourcesBuildPhase;
			buildActionMask = 2147483647;
			files = (
				B15C606325E19C610055C4BF /* LaunchScreen.storyboard in Resources */,
				B15C606025E19C610055C4BF /* Assets.xcassets in Resources */,
				B15C605E25E19C5C0055C4BF /* Main.storyboard in Resources */,
			);
			runOnlyForDeploymentPostprocessing = 0;
		};
		B15C606725E19C620055C4BF /* Resources */ = {
			isa = PBXResourcesBuildPhase;
			buildActionMask = 2147483647;
			files = (
			);
			runOnlyForDeploymentPostprocessing = 0;
		};
		B15C607225E19C620055C4BF /* Resources */ = {
			isa = PBXResourcesBuildPhase;
			buildActionMask = 2147483647;
			files = (
			);
			runOnlyForDeploymentPostprocessing = 0;
		};
/* End PBXResourcesBuildPhase section */

/* Begin PBXSourcesBuildPhase section */
		B15C604F25E19C5C0055C4BF /* Sources */ = {
			isa = PBXSourcesBuildPhase;
			buildActionMask = 2147483647;
			files = (
				B15C605B25E19C5C0055C4BF /* ViewController.swift in Sources */,
				B15C605725E19C5C0055C4BF /* AppDelegate.swift in Sources */,
				B15C605925E19C5C0055C4BF /* SceneDelegate.swift in Sources */,
				B11A3BA725F42CAE00FB2972 /* CreationViewController.swift in Sources */,
			);
			runOnlyForDeploymentPostprocessing = 0;
		};
		B15C606525E19C620055C4BF /* Sources */ = {
			isa = PBXSourcesBuildPhase;
			buildActionMask = 2147483647;
			files = (
				B15C606E25E19C620055C4BF /* FlashcardsTests.swift in Sources */,
			);
			runOnlyForDeploymentPostprocessing = 0;
		};
		B15C607025E19C620055C4BF /* Sources */ = {
			isa = PBXSourcesBuildPhase;
			buildActionMask = 2147483647;
			files = (
				B15C607925E19C620055C4BF /* FlashcardsUITests.swift in Sources */,
			);
			runOnlyForDeploymentPostprocessing = 0;
		};
/* End PBXSourcesBuildPhase section */

/* Begin PBXTargetDependency section */
		B15C606B25E19C620055C4BF /* PBXTargetDependency */ = {
			isa = PBXTargetDependency;
			target = B15C605225E19C5C0055C4BF /* Flashcards */;
			targetProxy = B15C606A25E19C620055C4BF /* PBXContainerItemProxy */;
		};
		B15C607625E19C620055C4BF /* PBXTargetDependency */ = {
			isa = PBXTargetDependency;
			target = B15C605225E19C5C0055C4BF /* Flashcards */;
			targetProxy = B15C607525E19C620055C4BF /* PBXContainerItemProxy */;
		};
/* End PBXTargetDependency section */

/* Begin PBXVariantGroup section */
		B15C605C25E19C5C0055C4BF /* Main.storyboard */ = {
			isa = PBXVariantGroup;
			children = (
				B15C605D25E19C5C0055C4BF /* Base */,
			);
			name = Main.storyboard;
			sourceTree = "<group>";
		};
		B15C606125E19C610055C4BF /* LaunchScreen.storyboard */ = {
			isa = PBXVariantGroup;
			children = (
				B15C606225E19C610055C4BF /* Base */,
			);
			name = LaunchScreen.storyboard;
			sourceTree = "<group>";
		};
/* End PBXVariantGroup section */

/* Begin XCBuildConfiguration section */
		B15C607B25E19C620055C4BF /* Debug */ = {
			isa = XCBuildConfiguration;
			buildSettings = {
				ALWAYS_SEARCH_USER_PATHS = NO;
				CLANG_ANALYZER_NONNULL = YES;
				CLANG_ANALYZER_NUMBER_OBJECT_CONVERSION = YES_AGGRESSIVE;
				CLANG_CXX_LANGUAGE_STANDARD = "gnu++14";
				CLANG_CXX_LIBRARY = "libc++";
				CLANG_ENABLE_MODULES = YES;
				CLANG_ENABLE_OBJC_ARC = YES;
				CLANG_ENABLE_OBJC_WEAK = YES;
				CLANG_WARN_BLOCK_CAPTURE_AUTORELEASING = YES;
				CLANG_WARN_BOOL_CONVERSION = YES;
				CLANG_WARN_COMMA = YES;
				CLANG_WARN_CONSTANT_CONVERSION = YES;
				CLANG_WARN_DEPRECATED_OBJC_IMPLEMENTATIONS = YES;
				CLANG_WARN_DIRECT_OBJC_ISA_USAGE = YES_ERROR;
				CLANG_WARN_DOCUMENTATION_COMMENTS = YES;
				CLANG_WARN_EMPTY_BODY = YES;
				CLANG_WARN_ENUM_CONVERSION = YES;
				CLANG_WARN_INFINITE_RECURSION = YES;
				CLANG_WARN_INT_CONVERSION = YES;
				CLANG_WARN_NON_LITERAL_NULL_CONVERSION = YES;
				CLANG_WARN_OBJC_IMPLICIT_RETAIN_SELF = YES;
				CLANG_WARN_OBJC_LITERAL_CONVERSION = YES;
				CLANG_WARN_OBJC_ROOT_CLASS = YES_ERROR;
				CLANG_WARN_QUOTED_INCLUDE_IN_FRAMEWORK_HEADER = YES;
				CLANG_WARN_RANGE_LOOP_ANALYSIS = YES;
				CLANG_WARN_STRICT_PROTOTYPES = YES;
				CLANG_WARN_SUSPICIOUS_MOVE = YES;
				CLANG_WARN_UNGUARDED_AVAILABILITY = YES_AGGRESSIVE;
				CLANG_WARN_UNREACHABLE_CODE = YES;
				CLANG_WARN__DUPLICATE_METHOD_MATCH = YES;
				COPY_PHASE_STRIP = NO;
				DEBUG_INFORMATION_FORMAT = dwarf;
				ENABLE_STRICT_OBJC_MSGSEND = YES;
				ENABLE_TESTABILITY = YES;
				GCC_C_LANGUAGE_STANDARD = gnu11;
				GCC_DYNAMIC_NO_PIC = NO;
				GCC_NO_COMMON_BLOCKS = YES;
				GCC_OPTIMIZATION_LEVEL = 0;
				GCC_PREPROCESSOR_DEFINITIONS = (
					"DEBUG=1",
					"$(inherited)",
				);
				GCC_WARN_64_TO_32_BIT_CONVERSION = YES;
				GCC_WARN_ABOUT_RETURN_TYPE = YES_ERROR;
				GCC_WARN_UNDECLARED_SELECTOR = YES;
				GCC_WARN_UNINITIALIZED_AUTOS = YES_AGGRESSIVE;
				GCC_WARN_UNUSED_FUNCTION = YES;
				GCC_WARN_UNUSED_VARIABLE = YES;
				IPHONEOS_DEPLOYMENT_TARGET = 14.4;
				MTL_ENABLE_DEBUG_INFO = INCLUDE_SOURCE;
				MTL_FAST_MATH = YES;
				ONLY_ACTIVE_ARCH = YES;
				SDKROOT = iphoneos;
				SWIFT_ACTIVE_COMPILATION_CONDITIONS = DEBUG;
				SWIFT_OPTIMIZATION_LEVEL = "-Onone";
			};
			name = Debug;
		};
		B15C607C25E19C620055C4BF /* Release */ = {
			isa = XCBuildConfiguration;
			buildSettings = {
				ALWAYS_SEARCH_USER_PATHS = NO;
				CLANG_ANALYZER_NONNULL = YES;
				CLANG_ANALYZER_NUMBER_OBJECT_CONVERSION = YES_AGGRESSIVE;
				CLANG_CXX_LANGUAGE_STANDARD = "gnu++14";
				CLANG_CXX_LIBRARY = "libc++";
				CLANG_ENABLE_MODULES = YES;
				CLANG_ENABLE_OBJC_ARC = YES;
				CLANG_ENABLE_OBJC_WEAK = YES;
				CLANG_WARN_BLOCK_CAPTURE_AUTORELEASING = YES;
				CLANG_WARN_BOOL_CONVERSION = YES;
				CLANG_WARN_COMMA = YES;
				CLANG_WARN_CONSTANT_CONVERSION = YES;
				CLANG_WARN_DEPRECATED_OBJC_IMPLEMENTATIONS = YES;
				CLANG_WARN_DIRECT_OBJC_ISA_USAGE = YES_ERROR;
				CLANG_WARN_DOCUMENTATION_COMMENTS = YES;
				CLANG_WARN_EMPTY_BODY = YES;
				CLANG_WARN_ENUM_CONVERSION = YES;
				CLANG_WARN_INFINITE_RECURSION = YES;
				CLANG_WARN_INT_CONVERSION = YES;
				CLANG_WARN_NON_LITERAL_NULL_CONVERSION = YES;
				CLANG_WARN_OBJC_IMPLICIT_RETAIN_SELF = YES;
				CLANG_WARN_OBJC_LITERAL_CONVERSION = YES;
				CLANG_WARN_OBJC_ROOT_CLASS = YES_ERROR;
				CLANG_WARN_QUOTED_INCLUDE_IN_FRAMEWORK_HEADER = YES;
				CLANG_WARN_RANGE_LOOP_ANALYSIS = YES;
				CLANG_WARN_STRICT_PROTOTYPES = YES;
				CLANG_WARN_SUSPICIOUS_MOVE = YES;
				CLANG_WARN_UNGUARDED_AVAILABILITY = YES_AGGRESSIVE;
				CLANG_WARN_UNREACHABLE_CODE = YES;
				CLANG_WARN__DUPLICATE_METHOD_MATCH = YES;
				COPY_PHASE_STRIP = NO;
				DEBUG_INFORMATION_FORMAT = "dwarf-with-dsym";
				ENABLE_NS_ASSERTIONS = NO;
				ENABLE_STRICT_OBJC_MSGSEND = YES;
				GCC_C_LANGUAGE_STANDARD = gnu11;
				GCC_NO_COMMON_BLOCKS = YES;
				GCC_WARN_64_TO_32_BIT_CONVERSION = YES;
				GCC_WARN_ABOUT_RETURN_TYPE = YES_ERROR;
				GCC_WARN_UNDECLARED_SELECTOR = YES;
				GCC_WARN_UNINITIALIZED_AUTOS = YES_AGGRESSIVE;
				GCC_WARN_UNUSED_FUNCTION = YES;
				GCC_WARN_UNUSED_VARIABLE = YES;
				IPHONEOS_DEPLOYMENT_TARGET = 14.4;
				MTL_ENABLE_DEBUG_INFO = NO;
				MTL_FAST_MATH = YES;
				SDKROOT = iphoneos;
				SWIFT_COMPILATION_MODE = wholemodule;
				SWIFT_OPTIMIZATION_LEVEL = "-O";
				VALIDATE_PRODUCT = YES;
			};
			name = Release;
		};
		B15C607E25E19C620055C4BF /* Debug */ = {
			isa = XCBuildConfiguration;
			buildSettings = {
				ASSETCATALOG_COMPILER_APPICON_NAME = AppIcon;
				ASSETCATALOG_COMPILER_GLOBAL_ACCENT_COLOR_NAME = AccentColor;
				CODE_SIGN_STYLE = Automatic;
				DEVELOPMENT_TEAM = VADX959572;
				INFOPLIST_FILE = Flashcards/Info.plist;
				LD_RUNPATH_SEARCH_PATHS = (
					"$(inherited)",
					"@executable_path/Frameworks",
				);
				PRODUCT_BUNDLE_IDENTIFIER = com.tmuchemwa.Flashcards;
				PRODUCT_NAME = "$(TARGET_NAME)";
				SWIFT_VERSION = 5.0;
				TARGETED_DEVICE_FAMILY = "1,2";
			};
			name = Debug;
		};
		B15C607F25E19C620055C4BF /* Release */ = {
			isa = XCBuildConfiguration;
			buildSettings = {
				ASSETCATALOG_COMPILER_APPICON_NAME = AppIcon;
				ASSETCATALOG_COMPILER_GLOBAL_ACCENT_COLOR_NAME = AccentColor;
				CODE_SIGN_STYLE = Automatic;
				DEVELOPMENT_TEAM = VADX959572;
				INFOPLIST_FILE = Flashcards/Info.plist;
				LD_RUNPATH_SEARCH_PATHS = (
					"$(inherited)",
					"@executable_path/Frameworks",
				);
				PRODUCT_BUNDLE_IDENTIFIER = com.tmuchemwa.Flashcards;
				PRODUCT_NAME = "$(TARGET_NAME)";
				SWIFT_VERSION = 5.0;
				TARGETED_DEVICE_FAMILY = "1,2";
			};
			name = Release;
		};
		B15C608125E19C620055C4BF /* Debug */ = {
			isa = XCBuildConfiguration;
			buildSettings = {
				ALWAYS_EMBED_SWIFT_STANDARD_LIBRARIES = YES;
				BUNDLE_LOADER = "$(TEST_HOST)";
				CODE_SIGN_STYLE = Automatic;
				DEVELOPMENT_TEAM = VADX959572;
				INFOPLIST_FILE = FlashcardsTests/Info.plist;
				IPHONEOS_DEPLOYMENT_TARGET = 14.4;
				LD_RUNPATH_SEARCH_PATHS = (
					"$(inherited)",
					"@executable_path/Frameworks",
					"@loader_path/Frameworks",
				);
				PRODUCT_BUNDLE_IDENTIFIER = com.tmuchemwa.FlashcardsTests;
				PRODUCT_NAME = "$(TARGET_NAME)";
				SWIFT_VERSION = 5.0;
				TARGETED_DEVICE_FAMILY = "1,2";
				TEST_HOST = "$(BUILT_PRODUCTS_DIR)/Flashcards.app/Flashcards";
			};
			name = Debug;
		};
		B15C608225E19C620055C4BF /* Release */ = {
			isa = XCBuildConfiguration;
			buildSettings = {
				ALWAYS_EMBED_SWIFT_STANDARD_LIBRARIES = YES;
				BUNDLE_LOADER = "$(TEST_HOST)";
				CODE_SIGN_STYLE = Automatic;
				DEVELOPMENT_TEAM = VADX959572;
				INFOPLIST_FILE = FlashcardsTests/Info.plist;
				IPHONEOS_DEPLOYMENT_TARGET = 14.4;
				LD_RUNPATH_SEARCH_PATHS = (
					"$(inherited)",
					"@executable_path/Frameworks",
					"@loader_path/Frameworks",
				);
				PRODUCT_BUNDLE_IDENTIFIER = com.tmuchemwa.FlashcardsTests;
				PRODUCT_NAME = "$(TARGET_NAME)";
				SWIFT_VERSION = 5.0;
				TARGETED_DEVICE_FAMILY = "1,2";
				TEST_HOST = "$(BUILT_PRODUCTS_DIR)/Flashcards.app/Flashcards";
			};
			name = Release;
		};
		B15C608425E19C620055C4BF /* Debug */ = {
			isa = XCBuildConfiguration;
			buildSettings = {
				ALWAYS_EMBED_SWIFT_STANDARD_LIBRARIES = YES;
				CODE_SIGN_STYLE = Automatic;
				DEVELOPMENT_TEAM = VADX959572;
				INFOPLIST_FILE = FlashcardsUITests/Info.plist;
				LD_RUNPATH_SEARCH_PATHS = (
					"$(inherited)",
					"@executable_path/Frameworks",
					"@loader_path/Frameworks",
				);
				PRODUCT_BUNDLE_IDENTIFIER = com.tmuchemwa.FlashcardsUITests;
				PRODUCT_NAME = "$(TARGET_NAME)";
				SWIFT_VERSION = 5.0;
				TARGETED_DEVICE_FAMILY = "1,2";
				TEST_TARGET_NAME = Flashcards;
			};
			name = Debug;
		};
		B15C608525E19C620055C4BF /* Release */ = {
			isa = XCBuildConfiguration;
			buildSettings = {
				ALWAYS_EMBED_SWIFT_STANDARD_LIBRARIES = YES;
				CODE_SIGN_STYLE = Automatic;
				DEVELOPMENT_TEAM = VADX959572;
				INFOPLIST_FILE = FlashcardsUITests/Info.plist;
				LD_RUNPATH_SEARCH_PATHS = (
					"$(inherited)",
					"@executable_path/Frameworks",
					"@loader_path/Frameworks",
				);
				PRODUCT_BUNDLE_IDENTIFIER = com.tmuchemwa.FlashcardsUITests;
				PRODUCT_NAME = "$(TARGET_NAME)";
				SWIFT_VERSION = 5.0;
				TARGETED_DEVICE_FAMILY = "1,2";
				TEST_TARGET_NAME = Flashcards;
			};
			name = Release;
		};
/* End XCBuildConfiguration section */

/* Begin XCConfigurationList section */
		B15C604E25E19C5C0055C4BF /* Build configuration list for PBXProject "Flashcards" */ = {
			isa = XCConfigurationList;
			buildConfigurations = (
				B15C607B25E19C620055C4BF /* Debug */,
				B15C607C25E19C620055C4BF /* Release */,
			);
			defaultConfigurationIsVisible = 0;
			defaultConfigurationName = Release;
		};
		B15C607D25E19C620055C4BF /* Build configuration list for PBXNativeTarget "Flashcards" */ = {
			isa = XCConfigurationList;
			buildConfigurations = (
				B15C607E25E19C620055C4BF /* Debug */,
				B15C607F25E19C620055C4BF /* Release */,
			);
			defaultConfigurationIsVisible = 0;
			defaultConfigurationName = Release;
		};
		B15C608025E19C620055C4BF /* Build configuration list for PBXNativeTarget "FlashcardsTests" */ = {
			isa = XCConfigurationList;
			buildConfigurations = (
				B15C608125E19C620055C4BF /* Debug */,
				B15C608225E19C620055C4BF /* Release */,
			);
			defaultConfigurationIsVisible = 0;
			defaultConfigurationName = Release;
		};
		B15C608325E19C620055C4BF /* Build configuration list for PBXNativeTarget "FlashcardsUITests" */ = {
			isa = XCConfigurationList;
			buildConfigurations = (
				B15C608425E19C620055C4BF /* Debug */,
				B15C608525E19C620055C4BF /* Release */,
			);
			defaultConfigurationIsVisible = 0;
			defaultConfigurationName = Release;
		};
/* End XCConfigurationList section */
	};
	rootObject = B15C604B25E19C5C0055C4BF /* Project object */;
}
